// !$*UTF8*$!
{
	archiveVersion = 1;
	classes = {
	};
	objectVersion = 48;
	objects = {

/* Begin PBXBuildFile section */
		50139968206003E100218970 /* ApiConstants.swift in Sources */ = {isa = PBXBuildFile; fileRef = 50139966206003E100218970 /* ApiConstants.swift */; };
		50139969206003E100218970 /* AuthHandler.swift in Sources */ = {isa = PBXBuildFile; fileRef = 50139967206003E100218970 /* AuthHandler.swift */; };
		5013996C206006CA00218970 /* Extensions.swift in Sources */ = {isa = PBXBuildFile; fileRef = 5013996B206006CA00218970 /* Extensions.swift */; };
		5020288B206038C60069E1C3 /* MapViewController+MapViewDelegate.swift in Sources */ = {isa = PBXBuildFile; fileRef = 5020288A206038C60069E1C3 /* MapViewController+MapViewDelegate.swift */; };
		5020288D206039A90069E1C3 /* ParseHandler.swift in Sources */ = {isa = PBXBuildFile; fileRef = 5020288C206039A90069E1C3 /* ParseHandler.swift */; };
		5057C3A920509DC600F988E0 /* AppDelegate.swift in Sources */ = {isa = PBXBuildFile; fileRef = 5057C3A820509DC600F988E0 /* AppDelegate.swift */; };
		5057C3AB20509DC600F988E0 /* LoginViewController.swift in Sources */ = {isa = PBXBuildFile; fileRef = 5057C3AA20509DC600F988E0 /* LoginViewController.swift */; };
		5057C3AE20509DC600F988E0 /* Main.storyboard in Resources */ = {isa = PBXBuildFile; fileRef = 5057C3AC20509DC600F988E0 /* Main.storyboard */; };
		5057C3B020509DC600F988E0 /* Assets.xcassets in Resources */ = {isa = PBXBuildFile; fileRef = 5057C3AF20509DC600F988E0 /* Assets.xcassets */; };
		5057C3B320509DC600F988E0 /* LaunchScreen.storyboard in Resources */ = {isa = PBXBuildFile; fileRef = 5057C3B120509DC600F988E0 /* LaunchScreen.storyboard */; };
		506DEF8F206158B90001F4C4 /* TableViewController+TableViewDelegate.swift in Sources */ = {isa = PBXBuildFile; fileRef = 506DEF8E206158B90001F4C4 /* TableViewController+TableViewDelegate.swift */; };
		506DEF912062B0C50001F4C4 /* Errors.swift in Sources */ = {isa = PBXBuildFile; fileRef = 506DEF902062B0C50001F4C4 /* Errors.swift */; };
		5072460D2064D6AB003EDB81 /* Storage.swift in Sources */ = {isa = PBXBuildFile; fileRef = 5072460C2064D6AB003EDB81 /* Storage.swift */; };
		5072460F2064E71F003EDB81 /* Cache.swift in Sources */ = {isa = PBXBuildFile; fileRef = 5072460E2064E71F003EDB81 /* Cache.swift */; };
		507246122065469E003EDB81 /* AccountViewController.swift in Sources */ = {isa = PBXBuildFile; fileRef = 507246112065469E003EDB81 /* AccountViewController.swift */; };
		507246152065861B003EDB81 /* AddLocationViewController.swift in Sources */ = {isa = PBXBuildFile; fileRef = 507246142065861B003EDB81 /* AddLocationViewController.swift */; };
		5072461720668F54003EDB81 /* AddProfileViewController.swift in Sources */ = {isa = PBXBuildFile; fileRef = 5072461620668F54003EDB81 /* AddProfileViewController.swift */; };
		50C36F0C205C74B300A522AA /* LoginViewController+Extras.swift in Sources */ = {isa = PBXBuildFile; fileRef = 50C36F0B205C74B300A522AA /* LoginViewController+Extras.swift */; };
		50C36F1E205EE67900A522AA /* TableViewController.swift in Sources */ = {isa = PBXBuildFile; fileRef = 50C36F1D205EE67900A522AA /* TableViewController.swift */; };
		50C36F20205EE68C00A522AA /* MapViewController.swift in Sources */ = {isa = PBXBuildFile; fileRef = 50C36F1F205EE68C00A522AA /* MapViewController.swift */; };
		50E2760F206826D600A1214A /* UdacityAuthResponse.swift in Sources */ = {isa = PBXBuildFile; fileRef = 50E2760E206826D600A1214A /* UdacityAuthResponse.swift */; };
		50E276112068270B00A1214A /* UserInfo.swift in Sources */ = {isa = PBXBuildFile; fileRef = 50E276102068270B00A1214A /* UserInfo.swift */; };
		50E276132068273700A1214A /* StudentLocation.swift in Sources */ = {isa = PBXBuildFile; fileRef = 50E276122068273700A1214A /* StudentLocation.swift */; };
/* End PBXBuildFile section */

/* Begin PBXFileReference section */
		50139966206003E100218970 /* ApiConstants.swift */ = {isa = PBXFileReference; fileEncoding = 4; lastKnownFileType = sourcecode.swift; name = ApiConstants.swift; path = "On The Map/Api/ApiConstants.swift"; sourceTree = SOURCE_ROOT; };
		50139967206003E100218970 /* AuthHandler.swift */ = {isa = PBXFileReference; fileEncoding = 4; lastKnownFileType = sourcecode.swift; name = AuthHandler.swift; path = "On The Map/Api/AuthHandler.swift"; sourceTree = SOURCE_ROOT; };
		5013996B206006CA00218970 /* Extensions.swift */ = {isa = PBXFileReference; lastKnownFileType = sourcecode.swift; path = Extensions.swift; sourceTree = "<group>"; };
		5020288A206038C60069E1C3 /* MapViewController+MapViewDelegate.swift */ = {isa = PBXFileReference; fileEncoding = 4; lastKnownFileType = sourcecode.swift; path = "MapViewController+MapViewDelegate.swift"; sourceTree = "<group>"; };
		5020288C206039A90069E1C3 /* ParseHandler.swift */ = {isa = PBXFileReference; lastKnownFileType = sourcecode.swift; name = ParseHandler.swift; path = "On The Map/Api/ParseHandler.swift"; sourceTree = SOURCE_ROOT; };
		5057C3A520509DC600F988E0 /* On The Map.app */ = {isa = PBXFileReference; explicitFileType = wrapper.application; includeInIndex = 0; path = "On The Map.app"; sourceTree = BUILT_PRODUCTS_DIR; };
		5057C3A820509DC600F988E0 /* AppDelegate.swift */ = {isa = PBXFileReference; lastKnownFileType = sourcecode.swift; path = AppDelegate.swift; sourceTree = "<group>"; };
		5057C3AA20509DC600F988E0 /* LoginViewController.swift */ = {isa = PBXFileReference; lastKnownFileType = sourcecode.swift; path = LoginViewController.swift; sourceTree = "<group>"; };
		5057C3AD20509DC600F988E0 /* Base */ = {isa = PBXFileReference; lastKnownFileType = file.storyboard; name = Base; path = Base.lproj/Main.storyboard; sourceTree = "<group>"; };
		5057C3AF20509DC600F988E0 /* Assets.xcassets */ = {isa = PBXFileReference; lastKnownFileType = folder.assetcatalog; path = Assets.xcassets; sourceTree = "<group>"; };
		5057C3B220509DC600F988E0 /* Base */ = {isa = PBXFileReference; lastKnownFileType = file.storyboard; name = Base; path = Base.lproj/LaunchScreen.storyboard; sourceTree = "<group>"; };
		5057C3B420509DC600F988E0 /* Info.plist */ = {isa = PBXFileReference; lastKnownFileType = text.plist.xml; path = Info.plist; sourceTree = "<group>"; };
		506DEF8E206158B90001F4C4 /* TableViewController+TableViewDelegate.swift */ = {isa = PBXFileReference; lastKnownFileType = sourcecode.swift; path = "TableViewController+TableViewDelegate.swift"; sourceTree = "<group>"; };
		506DEF902062B0C50001F4C4 /* Errors.swift */ = {isa = PBXFileReference; lastKnownFileType = sourcecode.swift; path = Errors.swift; sourceTree = "<group>"; };
		5072460C2064D6AB003EDB81 /* Storage.swift */ = {isa = PBXFileReference; lastKnownFileType = sourcecode.swift; path = Storage.swift; sourceTree = "<group>"; };
		5072460E2064E71F003EDB81 /* Cache.swift */ = {isa = PBXFileReference; lastKnownFileType = sourcecode.swift; path = Cache.swift; sourceTree = "<group>"; };
		507246112065469E003EDB81 /* AccountViewController.swift */ = {isa = PBXFileReference; lastKnownFileType = sourcecode.swift; path = AccountViewController.swift; sourceTree = "<group>"; };
		507246142065861B003EDB81 /* AddLocationViewController.swift */ = {isa = PBXFileReference; lastKnownFileType = sourcecode.swift; path = AddLocationViewController.swift; sourceTree = "<group>"; };
		5072461620668F54003EDB81 /* AddProfileViewController.swift */ = {isa = PBXFileReference; lastKnownFileType = sourcecode.swift; path = AddProfileViewController.swift; sourceTree = "<group>"; };
		50C36F0B205C74B300A522AA /* LoginViewController+Extras.swift */ = {isa = PBXFileReference; lastKnownFileType = sourcecode.swift; path = "LoginViewController+Extras.swift"; sourceTree = "<group>"; };
		50C36F1D205EE67900A522AA /* TableViewController.swift */ = {isa = PBXFileReference; lastKnownFileType = sourcecode.swift; path = TableViewController.swift; sourceTree = "<group>"; };
		50C36F1F205EE68C00A522AA /* MapViewController.swift */ = {isa = PBXFileReference; lastKnownFileType = sourcecode.swift; path = MapViewController.swift; sourceTree = "<group>"; };
		50E2760E206826D600A1214A /* UdacityAuthResponse.swift */ = {isa = PBXFileReference; lastKnownFileType = sourcecode.swift; path = UdacityAuthResponse.swift; sourceTree = "<group>"; };
		50E276102068270B00A1214A /* UserInfo.swift */ = {isa = PBXFileReference; lastKnownFileType = sourcecode.swift; path = UserInfo.swift; sourceTree = "<group>"; };
		50E276122068273700A1214A /* StudentLocation.swift */ = {isa = PBXFileReference; lastKnownFileType = sourcecode.swift; path = StudentLocation.swift; sourceTree = "<group>"; };
/* End PBXFileReference section */

/* Begin PBXFrameworksBuildPhase section */
		5057C3A220509DC600F988E0 /* Frameworks */ = {
			isa = PBXFrameworksBuildPhase;
			buildActionMask = 2147483647;
			files = (
			);
			runOnlyForDeploymentPostprocessing = 0;
		};
/* End PBXFrameworksBuildPhase section */

/* Begin PBXGroup section */
		50139965206003C000218970 /* Api */ = {
			isa = PBXGroup;
			children = (
				50139966206003E100218970 /* ApiConstants.swift */,
				50139967206003E100218970 /* AuthHandler.swift */,
				5020288C206039A90069E1C3 /* ParseHandler.swift */,
			);
			path = Api;
			sourceTree = "<group>";
		};
		5013996A206006B200218970 /* Utils */ = {
			isa = PBXGroup;
			children = (
				5013996B206006CA00218970 /* Extensions.swift */,
				506DEF902062B0C50001F4C4 /* Errors.swift */,
			);
			path = Utils;
			sourceTree = "<group>";
		};
		5013996D20601BAB00218970 /* Model */ = {
			isa = PBXGroup;
			children = (
				50E276102068270B00A1214A /* UserInfo.swift */,
				50E276122068273700A1214A /* StudentLocation.swift */,
				50E2760D206826AD00A1214A /* Response */,
			);
			path = Model;
			sourceTree = "<group>";
		};
		5057C39C20509DC600F988E0 = {
			isa = PBXGroup;
			children = (
				5057C3A720509DC600F988E0 /* On The Map */,
				5057C3A620509DC600F988E0 /* Products */,
			);
			sourceTree = "<group>";
		};
		5057C3A620509DC600F988E0 /* Products */ = {
			isa = PBXGroup;
			children = (
				5057C3A520509DC600F988E0 /* On The Map.app */,
			);
			name = Products;
			sourceTree = "<group>";
		};
		5057C3A720509DC600F988E0 /* On The Map */ = {
			isa = PBXGroup;
			children = (
				5072460B2064D694003EDB81 /* Storage */,
				50139965206003C000218970 /* Api */,
				5013996D20601BAB00218970 /* Model */,
				50C36F1C205EE62500A522AA /* Login */,
				50C36F19205EE60500A522AA /* Home */,
				5072461020654686003EDB81 /* Account */,
				5072461320658192003EDB81 /* AddNew */,
				5013996A206006B200218970 /* Utils */,
				5057C3A820509DC600F988E0 /* AppDelegate.swift */,
				5057C3AC20509DC600F988E0 /* Main.storyboard */,
				5057C3AF20509DC600F988E0 /* Assets.xcassets */,
				5057C3B120509DC600F988E0 /* LaunchScreen.storyboard */,
				5057C3B420509DC600F988E0 /* Info.plist */,
			);
			path = "On The Map";
			sourceTree = "<group>";
		};
		5072460B2064D694003EDB81 /* Storage */ = {
			isa = PBXGroup;
			children = (
				5072460C2064D6AB003EDB81 /* Storage.swift */,
				5072460E2064E71F003EDB81 /* Cache.swift */,
			);
			path = Storage;
			sourceTree = "<group>";
		};
		5072461020654686003EDB81 /* Account */ = {
			isa = PBXGroup;
			children = (
				507246112065469E003EDB81 /* AccountViewController.swift */,
			);
			path = Account;
			sourceTree = "<group>";
		};
		5072461320658192003EDB81 /* AddNew */ = {
			isa = PBXGroup;
			children = (
				507246142065861B003EDB81 /* AddLocationViewController.swift */,
				5072461620668F54003EDB81 /* AddProfileViewController.swift */,
			);
			path = AddNew;
			sourceTree = "<group>";
		};
		50C36F19205EE60500A522AA /* Home */ = {
			isa = PBXGroup;
			children = (
				50C36F1B205EE61C00A522AA /* Table */,
				50C36F1A205EE61500A522AA /* Map */,
			);
			path = Home;
			sourceTree = "<group>";
		};
		50C36F1A205EE61500A522AA /* Map */ = {
			isa = PBXGroup;
			children = (
				50C36F1F205EE68C00A522AA /* MapViewController.swift */,
				5020288A206038C60069E1C3 /* MapViewController+MapViewDelegate.swift */,
			);
			path = Map;
			sourceTree = "<group>";
		};
		50C36F1B205EE61C00A522AA /* Table */ = {
			isa = PBXGroup;
			children = (
				50C36F1D205EE67900A522AA /* TableViewController.swift */,
				506DEF8E206158B90001F4C4 /* TableViewController+TableViewDelegate.swift */,
			);
			path = Table;
			sourceTree = "<group>";
		};
		50C36F1C205EE62500A522AA /* Login */ = {
			isa = PBXGroup;
			children = (
				5057C3AA20509DC600F988E0 /* LoginViewController.swift */,
				50C36F0B205C74B300A522AA /* LoginViewController+Extras.swift */,
			);
			path = Login;
			sourceTree = "<group>";
		};
		50E2760D206826AD00A1214A /* Response */ = {
			isa = PBXGroup;
			children = (
				50E2760E206826D600A1214A /* UdacityAuthResponse.swift */,
			);
			path = Response;
			sourceTree = "<group>";
		};
/* End PBXGroup section */

/* Begin PBXNativeTarget section */
		5057C3A420509DC600F988E0 /* On The Map */ = {
			isa = PBXNativeTarget;
			buildConfigurationList = 5057C3B720509DC600F988E0 /* Build configuration list for PBXNativeTarget "On The Map" */;
			buildPhases = (
				5057C3A120509DC600F988E0 /* Sources */,
				5057C3A220509DC600F988E0 /* Frameworks */,
				5057C3A320509DC600F988E0 /* Resources */,
			);
			buildRules = (
			);
			dependencies = (
			);
			name = "On The Map";
			productName = "On The Map";
			productReference = 5057C3A520509DC600F988E0 /* On The Map.app */;
			productType = "com.apple.product-type.application";
		};
/* End PBXNativeTarget section */

/* Begin PBXProject section */
		5057C39D20509DC600F988E0 /* Project object */ = {
			isa = PBXProject;
			attributes = {
				LastSwiftUpdateCheck = 0920;
				LastUpgradeCheck = 0920;
				ORGANIZATIONNAME = "Rajanikant Deshmukh";
				TargetAttributes = {
					5057C3A420509DC600F988E0 = {
						CreatedOnToolsVersion = 9.2;
						ProvisioningStyle = Automatic;
					};
				};
			};
			buildConfigurationList = 5057C3A020509DC600F988E0 /* Build configuration list for PBXProject "On The Map" */;
			compatibilityVersion = "Xcode 8.0";
			developmentRegion = en;
			hasScannedForEncodings = 0;
			knownRegions = (
				en,
				Base,
			);
			mainGroup = 5057C39C20509DC600F988E0;
			productRefGroup = 5057C3A620509DC600F988E0 /* Products */;
			projectDirPath = "";
			projectRoot = "";
			targets = (
				5057C3A420509DC600F988E0 /* On The Map */,
			);
		};
/* End PBXProject section */

/* Begin PBXResourcesBuildPhase section */
		5057C3A320509DC600F988E0 /* Resources */ = {
			isa = PBXResourcesBuildPhase;
			buildActionMask = 2147483647;
			files = (
				5057C3B320509DC600F988E0 /* LaunchScreen.storyboard in Resources */,
				5057C3B020509DC600F988E0 /* Assets.xcassets in Resources */,
				5057C3AE20509DC600F988E0 /* Main.storyboard in Resources */,
			);
			runOnlyForDeploymentPostprocessing = 0;
		};
/* End PBXResourcesBuildPhase section */

/* Begin PBXSourcesBuildPhase section */
		5057C3A120509DC600F988E0 /* Sources */ = {
			isa = PBXSourcesBuildPhase;
			buildActionMask = 2147483647;
			files = (
				5057C3AB20509DC600F988E0 /* LoginViewController.swift in Sources */,
				5072460F2064E71F003EDB81 /* Cache.swift in Sources */,
				507246122065469E003EDB81 /* AccountViewController.swift in Sources */,
				5072460D2064D6AB003EDB81 /* Storage.swift in Sources */,
				5072461720668F54003EDB81 /* AddProfileViewController.swift in Sources */,
				50139969206003E100218970 /* AuthHandler.swift in Sources */,
				506DEF8F206158B90001F4C4 /* TableViewController+TableViewDelegate.swift in Sources */,
				50C36F0C205C74B300A522AA /* LoginViewController+Extras.swift in Sources */,
				50E276112068270B00A1214A /* UserInfo.swift in Sources */,
				50E276132068273700A1214A /* StudentLocation.swift in Sources */,
				5013996C206006CA00218970 /* Extensions.swift in Sources */,
				5020288D206039A90069E1C3 /* ParseHandler.swift in Sources */,
				506DEF912062B0C50001F4C4 /* Errors.swift in Sources */,
				50139968206003E100218970 /* ApiConstants.swift in Sources */,
				5020288B206038C60069E1C3 /* MapViewController+MapViewDelegate.swift in Sources */,
				5057C3A920509DC600F988E0 /* AppDelegate.swift in Sources */,
				50E2760F206826D600A1214A /* UdacityAuthResponse.swift in Sources */,
				507246152065861B003EDB81 /* AddLocationViewController.swift in Sources */,
				50C36F20205EE68C00A522AA /* MapViewController.swift in Sources */,
				50C36F1E205EE67900A522AA /* TableViewController.swift in Sources */,
			);
			runOnlyForDeploymentPostprocessing = 0;
		};
/* End PBXSourcesBuildPhase section */

/* Begin PBXVariantGroup section */
		5057C3AC20509DC600F988E0 /* Main.storyboard */ = {
			isa = PBXVariantGroup;
			children = (
				5057C3AD20509DC600F988E0 /* Base */,
			);
			name = Main.storyboard;
			sourceTree = "<group>";
		};
		5057C3B120509DC600F988E0 /* LaunchScreen.storyboard */ = {
			isa = PBXVariantGroup;
			children = (
				5057C3B220509DC600F988E0 /* Base */,
			);
			name = LaunchScreen.storyboard;
			sourceTree = "<group>";
		};
/* End PBXVariantGroup section */

/* Begin XCBuildConfiguration section */
		5057C3B520509DC600F988E0 /* Debug */ = {
			isa = XCBuildConfiguration;
			buildSettings = {
				ALWAYS_SEARCH_USER_PATHS = NO;
				CLANG_ANALYZER_NONNULL = YES;
				CLANG_ANALYZER_NUMBER_OBJECT_CONVERSION = YES_AGGRESSIVE;
				CLANG_CXX_LANGUAGE_STANDARD = "gnu++14";
				CLANG_CXX_LIBRARY = "libc++";
				CLANG_ENABLE_MODULES = YES;
				CLANG_ENABLE_OBJC_ARC = YES;
				CLANG_WARN_BLOCK_CAPTURE_AUTORELEASING = YES;
				CLANG_WARN_BOOL_CONVERSION = YES;
				CLANG_WARN_COMMA = YES;
				CLANG_WARN_CONSTANT_CONVERSION = YES;
				CLANG_WARN_DIRECT_OBJC_ISA_USAGE = YES_ERROR;
				CLANG_WARN_DOCUMENTATION_COMMENTS = YES;
				CLANG_WARN_EMPTY_BODY = YES;
				CLANG_WARN_ENUM_CONVERSION = YES;
				CLANG_WARN_INFINITE_RECURSION = YES;
				CLANG_WARN_INT_CONVERSION = YES;
				CLANG_WARN_NON_LITERAL_NULL_CONVERSION = YES;
				CLANG_WARN_OBJC_LITERAL_CONVERSION = YES;
				CLANG_WARN_OBJC_ROOT_CLASS = YES_ERROR;
				CLANG_WARN_RANGE_LOOP_ANALYSIS = YES;
				CLANG_WARN_STRICT_PROTOTYPES = YES;
				CLANG_WARN_SUSPICIOUS_MOVE = YES;
				CLANG_WARN_UNGUARDED_AVAILABILITY = YES_AGGRESSIVE;
				CLANG_WARN_UNREACHABLE_CODE = YES;
				CLANG_WARN__DUPLICATE_METHOD_MATCH = YES;
				CODE_SIGN_IDENTITY = "iPhone Developer";
				COPY_PHASE_STRIP = NO;
				DEBUG_INFORMATION_FORMAT = dwarf;
				ENABLE_STRICT_OBJC_MSGSEND = YES;
				ENABLE_TESTABILITY = YES;
				GCC_C_LANGUAGE_STANDARD = gnu11;
				GCC_DYNAMIC_NO_PIC = NO;
				GCC_NO_COMMON_BLOCKS = YES;
				GCC_OPTIMIZATION_LEVEL = 0;
				GCC_PREPROCESSOR_DEFINITIONS = (
					"DEBUG=1",
					"$(inherited)",
				);
				GCC_WARN_64_TO_32_BIT_CONVERSION = YES;
				GCC_WARN_ABOUT_RETURN_TYPE = YES_ERROR;
				GCC_WARN_UNDECLARED_SELECTOR = YES;
				GCC_WARN_UNINITIALIZED_AUTOS = YES_AGGRESSIVE;
				GCC_WARN_UNUSED_FUNCTION = YES;
				GCC_WARN_UNUSED_VARIABLE = YES;
				IPHONEOS_DEPLOYMENT_TARGET = 11.2;
				MTL_ENABLE_DEBUG_INFO = YES;
				ONLY_ACTIVE_ARCH = YES;
				SDKROOT = iphoneos;
				SWIFT_ACTIVE_COMPILATION_CONDITIONS = DEBUG;
				SWIFT_OPTIMIZATION_LEVEL = "-Onone";
			};
			name = Debug;
		};
		5057C3B620509DC600F988E0 /* Release */ = {
			isa = XCBuildConfiguration;
			buildSettings = {
				ALWAYS_SEARCH_USER_PATHS = NO;
				CLANG_ANALYZER_NONNULL = YES;
				CLANG_ANALYZER_NUMBER_OBJECT_CONVERSION = YES_AGGRESSIVE;
				CLANG_CXX_LANGUAGE_STANDARD = "gnu++14";
				CLANG_CXX_LIBRARY = "libc++";
				CLANG_ENABLE_MODULES = YES;
				CLANG_ENABLE_OBJC_ARC = YES;
				CLANG_WARN_BLOCK_CAPTURE_AUTORELEASING = YES;
				CLANG_WARN_BOOL_CONVERSION = YES;
				CLANG_WARN_COMMA = YES;
				CLANG_WARN_CONSTANT_CONVERSION = YES;
				CLANG_WARN_DIRECT_OBJC_ISA_USAGE = YES_ERROR;
				CLANG_WARN_DOCUMENTATION_COMMENTS = YES;
				CLANG_WARN_EMPTY_BODY = YES;
				CLANG_WARN_ENUM_CONVERSION = YES;
				CLANG_WARN_INFINITE_RECURSION = YES;
				CLANG_WARN_INT_CONVERSION = YES;
				CLANG_WARN_NON_LITERAL_NULL_CONVERSION = YES;
				CLANG_WARN_OBJC_LITERAL_CONVERSION = YES;
				CLANG_WARN_OBJC_ROOT_CLASS = YES_ERROR;
				CLANG_WARN_RANGE_LOOP_ANALYSIS = YES;
				CLANG_WARN_STRICT_PROTOTYPES = YES;
				CLANG_WARN_SUSPICIOUS_MOVE = YES;
				CLANG_WARN_UNGUARDED_AVAILABILITY = YES_AGGRESSIVE;
				CLANG_WARN_UNREACHABLE_CODE = YES;
				CLANG_WARN__DUPLICATE_METHOD_MATCH = YES;
				CODE_SIGN_IDENTITY = "iPhone Developer";
				COPY_PHASE_STRIP = NO;
				DEBUG_INFORMATION_FORMAT = "dwarf-with-dsym";
				ENABLE_NS_ASSERTIONS = NO;
				ENABLE_STRICT_OBJC_MSGSEND = YES;
				GCC_C_LANGUAGE_STANDARD = gnu11;
				GCC_NO_COMMON_BLOCKS = YES;
				GCC_WARN_64_TO_32_BIT_CONVERSION = YES;
				GCC_WARN_ABOUT_RETURN_TYPE = YES_ERROR;
				GCC_WARN_UNDECLARED_SELECTOR = YES;
				GCC_WARN_UNINITIALIZED_AUTOS = YES_AGGRESSIVE;
				GCC_WARN_UNUSED_FUNCTION = YES;
				GCC_WARN_UNUSED_VARIABLE = YES;
				IPHONEOS_DEPLOYMENT_TARGET = 11.2;
				MTL_ENABLE_DEBUG_INFO = NO;
				SDKROOT = iphoneos;
				SWIFT_OPTIMIZATION_LEVEL = "-Owholemodule";
				VALIDATE_PRODUCT = YES;
			};
			name = Release;
		};
		5057C3B820509DC600F988E0 /* Debug */ = {
			isa = XCBuildConfiguration;
			buildSettings = {
				ASSETCATALOG_COMPILER_APPICON_NAME = AppIcon;
				CODE_SIGN_STYLE = Automatic;
				DEVELOPMENT_TEAM = 8MJK9DJ34A;
				INFOPLIST_FILE = "On The Map/Info.plist";
				LD_RUNPATH_SEARCH_PATHS = "$(inherited) @executable_path/Frameworks";
				PRODUCT_BUNDLE_IDENTIFIER = "me.rajanikant.On-The-Map";
				PRODUCT_NAME = "$(TARGET_NAME)";
				SWIFT_VERSION = 4.0;
				TARGETED_DEVICE_FAMILY = "1,2";
			};
			name = Debug;
		};
		5057C3B920509DC600F988E0 /* Release */ = {
			isa = XCBuildConfiguration;
			buildSettings = {
				ASSETCATALOG_COMPILER_APPICON_NAME = AppIcon;
				CODE_SIGN_STYLE = Automatic;
				DEVELOPMENT_TEAM = 8MJK9DJ34A;
				INFOPLIST_FILE = "On The Map/Info.plist";
				LD_RUNPATH_SEARCH_PATHS = "$(inherited) @executable_path/Frameworks";
				PRODUCT_BUNDLE_IDENTIFIER = "me.rajanikant.On-The-Map";
				PRODUCT_NAME = "$(TARGET_NAME)";
				SWIFT_VERSION = 4.0;
				TARGETED_DEVICE_FAMILY = "1,2";
			};
			name = Release;
		};
/* End XCBuildConfiguration section */

/* Begin XCConfigurationList section */
		5057C3A020509DC600F988E0 /* Build configuration list for PBXProject "On The Map" */ = {
			isa = XCConfigurationList;
			buildConfigurations = (
				5057C3B520509DC600F988E0 /* Debug */,
				5057C3B620509DC600F988E0 /* Release */,
			);
			defaultConfigurationIsVisible = 0;
			defaultConfigurationName = Release;
		};
		5057C3B720509DC600F988E0 /* Build configuration list for PBXNativeTarget "On The Map" */ = {
			isa = XCConfigurationList;
			buildConfigurations = (
				5057C3B820509DC600F988E0 /* Debug */,
				5057C3B920509DC600F988E0 /* Release */,
			);
			defaultConfigurationIsVisible = 0;
			defaultConfigurationName = Release;
		};
/* End XCConfigurationList section */
	};
	rootObject = 5057C39D20509DC600F988E0 /* Project object */;
}
