// !$*UTF8*$!
{
	archiveVersion = 1;
	classes = {
	};
	objectVersion = 48;
	objects = {

/* Begin PBXBuildFile section */
		507FA6C720383D34001BFCB9 /* ListViewController.swift in Sources */ = {isa = PBXBuildFile; fileRef = 507FA6C620383D34001BFCB9 /* ListViewController.swift */; };
		507FA6C920383D4A001BFCB9 /* GridViewController.swift in Sources */ = {isa = PBXBuildFile; fileRef = 507FA6C820383D4A001BFCB9 /* GridViewController.swift */; };
		507FA6CB20386267001BFCB9 /* MemeCollectionViewCell.swift in Sources */ = {isa = PBXBuildFile; fileRef = 507FA6CA20386267001BFCB9 /* MemeCollectionViewCell.swift */; };
		50898BE62033BBDC006D77E7 /* MemeObject.swift in Sources */ = {isa = PBXBuildFile; fileRef = 50898BE52033BBDC006D77E7 /* MemeObject.swift */; };
		50C36EFF205BC99A00A522AA /* MemeStorage.swift in Sources */ = {isa = PBXBuildFile; fileRef = 50C36EFE205BC99A00A522AA /* MemeStorage.swift */; };
		50C36F01205C0A5100A522AA /* MemeTableViewCell.swift in Sources */ = {isa = PBXBuildFile; fileRef = 50C36F00205C0A5100A522AA /* MemeTableViewCell.swift */; };
		50C36F03205C0C6900A522AA /* MemeTableViewCell.xib in Resources */ = {isa = PBXBuildFile; fileRef = 50C36F02205C0C6900A522AA /* MemeTableViewCell.xib */; };
		50C36F0F205DACF000A522AA /* MemeDetailsViewController.swift in Sources */ = {isa = PBXBuildFile; fileRef = 50C36F0E205DACF000A522AA /* MemeDetailsViewController.swift */; };
		50F97D2C1FF6638000B97A27 /* AppDelegate.swift in Sources */ = {isa = PBXBuildFile; fileRef = 50F97D2B1FF6638000B97A27 /* AppDelegate.swift */; };
		50F97D2E1FF6638000B97A27 /* MemeEditorViewController.swift in Sources */ = {isa = PBXBuildFile; fileRef = 50F97D2D1FF6638000B97A27 /* MemeEditorViewController.swift */; };
		50F97D311FF6638000B97A27 /* Main.storyboard in Resources */ = {isa = PBXBuildFile; fileRef = 50F97D2F1FF6638000B97A27 /* Main.storyboard */; };
		50F97D331FF6638000B97A27 /* Assets.xcassets in Resources */ = {isa = PBXBuildFile; fileRef = 50F97D321FF6638000B97A27 /* Assets.xcassets */; };
		50F97D361FF6638000B97A27 /* LaunchScreen.storyboard in Resources */ = {isa = PBXBuildFile; fileRef = 50F97D341FF6638000B97A27 /* LaunchScreen.storyboard */; };
/* End PBXBuildFile section */

/* Begin PBXFileReference section */
		507FA6C620383D34001BFCB9 /* ListViewController.swift */ = {isa = PBXFileReference; lastKnownFileType = sourcecode.swift; path = ListViewController.swift; sourceTree = "<group>"; };
		507FA6C820383D4A001BFCB9 /* GridViewController.swift */ = {isa = PBXFileReference; lastKnownFileType = sourcecode.swift; path = GridViewController.swift; sourceTree = "<group>"; };
		507FA6CA20386267001BFCB9 /* MemeCollectionViewCell.swift */ = {isa = PBXFileReference; lastKnownFileType = sourcecode.swift; path = MemeCollectionViewCell.swift; sourceTree = "<group>"; };
		50898BE52033BBDC006D77E7 /* MemeObject.swift */ = {isa = PBXFileReference; lastKnownFileType = sourcecode.swift; path = MemeObject.swift; sourceTree = "<group>"; };
		50C36EFE205BC99A00A522AA /* MemeStorage.swift */ = {isa = PBXFileReference; lastKnownFileType = sourcecode.swift; path = MemeStorage.swift; sourceTree = "<group>"; };
		50C36F00205C0A5100A522AA /* MemeTableViewCell.swift */ = {isa = PBXFileReference; lastKnownFileType = sourcecode.swift; path = MemeTableViewCell.swift; sourceTree = "<group>"; };
		50C36F02205C0C6900A522AA /* MemeTableViewCell.xib */ = {isa = PBXFileReference; lastKnownFileType = file.xib; path = MemeTableViewCell.xib; sourceTree = "<group>"; };
		50C36F0E205DACF000A522AA /* MemeDetailsViewController.swift */ = {isa = PBXFileReference; lastKnownFileType = sourcecode.swift; name = MemeDetailsViewController.swift; path = MemeMe/MemeDetailsViewController.swift; sourceTree = SOURCE_ROOT; };
		50F97D281FF6638000B97A27 /* MemeMe.app */ = {isa = PBXFileReference; explicitFileType = wrapper.application; includeInIndex = 0; path = MemeMe.app; sourceTree = BUILT_PRODUCTS_DIR; };
		50F97D2B1FF6638000B97A27 /* AppDelegate.swift */ = {isa = PBXFileReference; lastKnownFileType = sourcecode.swift; path = AppDelegate.swift; sourceTree = "<group>"; };
		50F97D2D1FF6638000B97A27 /* MemeEditorViewController.swift */ = {isa = PBXFileReference; lastKnownFileType = sourcecode.swift; path = MemeEditorViewController.swift; sourceTree = "<group>"; };
		50F97D301FF6638000B97A27 /* Base */ = {isa = PBXFileReference; lastKnownFileType = file.storyboard; name = Base; path = Base.lproj/Main.storyboard; sourceTree = "<group>"; };
		50F97D321FF6638000B97A27 /* Assets.xcassets */ = {isa = PBXFileReference; lastKnownFileType = folder.assetcatalog; path = Assets.xcassets; sourceTree = "<group>"; };
		50F97D351FF6638000B97A27 /* Base */ = {isa = PBXFileReference; lastKnownFileType = file.storyboard; name = Base; path = Base.lproj/LaunchScreen.storyboard; sourceTree = "<group>"; };
		50F97D371FF6638000B97A27 /* Info.plist */ = {isa = PBXFileReference; lastKnownFileType = text.plist.xml; path = Info.plist; sourceTree = "<group>"; };
/* End PBXFileReference section */

/* Begin PBXFrameworksBuildPhase section */
		50F97D251FF6638000B97A27 /* Frameworks */ = {
			isa = PBXFrameworksBuildPhase;
			buildActionMask = 2147483647;
			files = (
			);
			runOnlyForDeploymentPostprocessing = 0;
		};
/* End PBXFrameworksBuildPhase section */

/* Begin PBXGroup section */
		50C36F04205C4E6A00A522AA /* Home */ = {
			isa = PBXGroup;
			children = (
				50C36F02205C0C6900A522AA /* MemeTableViewCell.xib */,
				50C36F00205C0A5100A522AA /* MemeTableViewCell.swift */,
				507FA6C620383D34001BFCB9 /* ListViewController.swift */,
				507FA6C820383D4A001BFCB9 /* GridViewController.swift */,
				507FA6CA20386267001BFCB9 /* MemeCollectionViewCell.swift */,
			);
			path = Home;
			sourceTree = "<group>";
		};
		50C36F05205C4E7E00A522AA /* Editor */ = {
			isa = PBXGroup;
			children = (
				50F97D2D1FF6638000B97A27 /* MemeEditorViewController.swift */,
			);
			path = Editor;
			sourceTree = "<group>";
		};
		50C36F06205C4EF500A522AA /* Model */ = {
			isa = PBXGroup;
			children = (
				50898BE52033BBDC006D77E7 /* MemeObject.swift */,
				50C36EFE205BC99A00A522AA /* MemeStorage.swift */,
			);
			path = Model;
			sourceTree = "<group>";
		};
		50C36F07205C4F2200A522AA /* View */ = {
			isa = PBXGroup;
			children = (
				50F97D341FF6638000B97A27 /* LaunchScreen.storyboard */,
				50F97D2F1FF6638000B97A27 /* Main.storyboard */,
			);
			path = View;
			sourceTree = "<group>";
		};
		50C36F0D205DACB800A522AA /* Details */ = {
			isa = PBXGroup;
			children = (
				50C36F0E205DACF000A522AA /* MemeDetailsViewController.swift */,
			);
			name = Details;
			path = "New Group";
			sourceTree = "<group>";
		};
		50F97D1F1FF6638000B97A27 = {
			isa = PBXGroup;
			children = (
				50F97D2A1FF6638000B97A27 /* MemeMe */,
				50F97D291FF6638000B97A27 /* Products */,
			);
			sourceTree = "<group>";
		};
		50F97D291FF6638000B97A27 /* Products */ = {
			isa = PBXGroup;
			children = (
				50F97D281FF6638000B97A27 /* MemeMe.app */,
			);
			name = Products;
			sourceTree = "<group>";
		};
		50F97D2A1FF6638000B97A27 /* MemeMe */ = {
			isa = PBXGroup;
			children = (
				50C36F0D205DACB800A522AA /* Details */,
				50C36F04205C4E6A00A522AA /* Home */,
				50C36F05205C4E7E00A522AA /* Editor */,
				50C36F06205C4EF500A522AA /* Model */,
				50C36F07205C4F2200A522AA /* View */,
				50F97D2B1FF6638000B97A27 /* AppDelegate.swift */,
				50F97D321FF6638000B97A27 /* Assets.xcassets */,
				50F97D371FF6638000B97A27 /* Info.plist */,
			);
			path = MemeMe;
			sourceTree = "<group>";
		};
/* End PBXGroup section */

/* Begin PBXNativeTarget section */
		50F97D271FF6638000B97A27 /* MemeMe */ = {
			isa = PBXNativeTarget;
			buildConfigurationList = 50F97D3A1FF6638000B97A27 /* Build configuration list for PBXNativeTarget "MemeMe" */;
			buildPhases = (
				50F97D241FF6638000B97A27 /* Sources */,
				50F97D251FF6638000B97A27 /* Frameworks */,
				50F97D261FF6638000B97A27 /* Resources */,
			);
			buildRules = (
			);
			dependencies = (
			);
			name = MemeMe;
			productName = MemeMe;
			productReference = 50F97D281FF6638000B97A27 /* MemeMe.app */;
			productType = "com.apple.product-type.application";
		};
/* End PBXNativeTarget section */

/* Begin PBXProject section */
		50F97D201FF6638000B97A27 /* Project object */ = {
			isa = PBXProject;
			attributes = {
				LastSwiftUpdateCheck = 0920;
				LastUpgradeCheck = 0920;
				ORGANIZATIONNAME = "Rajanikant Deshmukh";
				TargetAttributes = {
					50F97D271FF6638000B97A27 = {
						CreatedOnToolsVersion = 9.2;
						ProvisioningStyle = Automatic;
					};
				};
			};
			buildConfigurationList = 50F97D231FF6638000B97A27 /* Build configuration list for PBXProject "MemeMe" */;
			compatibilityVersion = "Xcode 8.0";
			developmentRegion = en;
			hasScannedForEncodings = 0;
			knownRegions = (
				en,
				Base,
			);
			mainGroup = 50F97D1F1FF6638000B97A27;
			productRefGroup = 50F97D291FF6638000B97A27 /* Products */;
			projectDirPath = "";
			projectRoot = "";
			targets = (
				50F97D271FF6638000B97A27 /* MemeMe */,
			);
		};
/* End PBXProject section */

/* Begin PBXResourcesBuildPhase section */
		50F97D261FF6638000B97A27 /* Resources */ = {
			isa = PBXResourcesBuildPhase;
			buildActionMask = 2147483647;
			files = (
				50F97D361FF6638000B97A27 /* LaunchScreen.storyboard in Resources */,
				50C36F03205C0C6900A522AA /* MemeTableViewCell.xib in Resources */,
				50F97D331FF6638000B97A27 /* Assets.xcassets in Resources */,
				50F97D311FF6638000B97A27 /* Main.storyboard in Resources */,
			);
			runOnlyForDeploymentPostprocessing = 0;
		};
/* End PBXResourcesBuildPhase section */

/* Begin PBXSourcesBuildPhase section */
		50F97D241FF6638000B97A27 /* Sources */ = {
			isa = PBXSourcesBuildPhase;
			buildActionMask = 2147483647;
			files = (
				50C36EFF205BC99A00A522AA /* MemeStorage.swift in Sources */,
				50C36F01205C0A5100A522AA /* MemeTableViewCell.swift in Sources */,
				507FA6CB20386267001BFCB9 /* MemeCollectionViewCell.swift in Sources */,
				50898BE62033BBDC006D77E7 /* MemeObject.swift in Sources */,
				50C36F0F205DACF000A522AA /* MemeDetailsViewController.swift in Sources */,
				507FA6C920383D4A001BFCB9 /* GridViewController.swift in Sources */,
				50F97D2E1FF6638000B97A27 /* MemeEditorViewController.swift in Sources */,
				507FA6C720383D34001BFCB9 /* ListViewController.swift in Sources */,
				50F97D2C1FF6638000B97A27 /* AppDelegate.swift in Sources */,
			);
			runOnlyForDeploymentPostprocessing = 0;
		};
/* End PBXSourcesBuildPhase section */

/* Begin PBXVariantGroup section */
		50F97D2F1FF6638000B97A27 /* Main.storyboard */ = {
			isa = PBXVariantGroup;
			children = (
				50F97D301FF6638000B97A27 /* Base */,
			);
			name = Main.storyboard;
			sourceTree = "<group>";
		};
		50F97D341FF6638000B97A27 /* LaunchScreen.storyboard */ = {
			isa = PBXVariantGroup;
			children = (
				50F97D351FF6638000B97A27 /* Base */,
			);
			name = LaunchScreen.storyboard;
			sourceTree = "<group>";
		};
/* End PBXVariantGroup section */

/* Begin XCBuildConfiguration section */
		50F97D381FF6638000B97A27 /* Debug */ = {
			isa = XCBuildConfiguration;
			buildSettings = {
				ALWAYS_SEARCH_USER_PATHS = NO;
				CLANG_ANALYZER_NONNULL = YES;
				CLANG_ANALYZER_NUMBER_OBJECT_CONVERSION = YES_AGGRESSIVE;
				CLANG_CXX_LANGUAGE_STANDARD = "gnu++14";
				CLANG_CXX_LIBRARY = "libc++";
				CLANG_ENABLE_MODULES = YES;
				CLANG_ENABLE_OBJC_ARC = YES;
				CLANG_WARN_BLOCK_CAPTURE_AUTORELEASING = YES;
				CLANG_WARN_BOOL_CONVERSION = YES;
				CLANG_WARN_COMMA = YES;
				CLANG_WARN_CONSTANT_CONVERSION = YES;
				CLANG_WARN_DIRECT_OBJC_ISA_USAGE = YES_ERROR;
				CLANG_WARN_DOCUMENTATION_COMMENTS = YES;
				CLANG_WARN_EMPTY_BODY = YES;
				CLANG_WARN_ENUM_CONVERSION = YES;
				CLANG_WARN_INFINITE_RECURSION = YES;
				CLANG_WARN_INT_CONVERSION = YES;
				CLANG_WARN_NON_LITERAL_NULL_CONVERSION = YES;
				CLANG_WARN_OBJC_LITERAL_CONVERSION = YES;
				CLANG_WARN_OBJC_ROOT_CLASS = YES_ERROR;
				CLANG_WARN_RANGE_LOOP_ANALYSIS = YES;
				CLANG_WARN_STRICT_PROTOTYPES = YES;
				CLANG_WARN_SUSPICIOUS_MOVE = YES;
				CLANG_WARN_UNGUARDED_AVAILABILITY = YES_AGGRESSIVE;
				CLANG_WARN_UNREACHABLE_CODE = YES;
				CLANG_WARN__DUPLICATE_METHOD_MATCH = YES;
				CODE_SIGN_IDENTITY = "iPhone Developer";
				COPY_PHASE_STRIP = NO;
				DEBUG_INFORMATION_FORMAT = dwarf;
				ENABLE_STRICT_OBJC_MSGSEND = YES;
				ENABLE_TESTABILITY = YES;
				GCC_C_LANGUAGE_STANDARD = gnu11;
				GCC_DYNAMIC_NO_PIC = NO;
				GCC_NO_COMMON_BLOCKS = YES;
				GCC_OPTIMIZATION_LEVEL = 0;
				GCC_PREPROCESSOR_DEFINITIONS = (
					"DEBUG=1",
					"$(inherited)",
				);
				GCC_WARN_64_TO_32_BIT_CONVERSION = YES;
				GCC_WARN_ABOUT_RETURN_TYPE = YES_ERROR;
				GCC_WARN_UNDECLARED_SELECTOR = YES;
				GCC_WARN_UNINITIALIZED_AUTOS = YES_AGGRESSIVE;
				GCC_WARN_UNUSED_FUNCTION = YES;
				GCC_WARN_UNUSED_VARIABLE = YES;
				IPHONEOS_DEPLOYMENT_TARGET = 11.2;
				MTL_ENABLE_DEBUG_INFO = YES;
				ONLY_ACTIVE_ARCH = YES;
				SDKROOT = iphoneos;
				SWIFT_ACTIVE_COMPILATION_CONDITIONS = DEBUG;
				SWIFT_OPTIMIZATION_LEVEL = "-Onone";
			};
			name = Debug;
		};
		50F97D391FF6638000B97A27 /* Release */ = {
			isa = XCBuildConfiguration;
			buildSettings = {
				ALWAYS_SEARCH_USER_PATHS = NO;
				CLANG_ANALYZER_NONNULL = YES;
				CLANG_ANALYZER_NUMBER_OBJECT_CONVERSION = YES_AGGRESSIVE;
				CLANG_CXX_LANGUAGE_STANDARD = "gnu++14";
				CLANG_CXX_LIBRARY = "libc++";
				CLANG_ENABLE_MODULES = YES;
				CLANG_ENABLE_OBJC_ARC = YES;
				CLANG_WARN_BLOCK_CAPTURE_AUTORELEASING = YES;
				CLANG_WARN_BOOL_CONVERSION = YES;
				CLANG_WARN_COMMA = YES;
				CLANG_WARN_CONSTANT_CONVERSION = YES;
				CLANG_WARN_DIRECT_OBJC_ISA_USAGE = YES_ERROR;
				CLANG_WARN_DOCUMENTATION_COMMENTS = YES;
				CLANG_WARN_EMPTY_BODY = YES;
				CLANG_WARN_ENUM_CONVERSION = YES;
				CLANG_WARN_INFINITE_RECURSION = YES;
				CLANG_WARN_INT_CONVERSION = YES;
				CLANG_WARN_NON_LITERAL_NULL_CONVERSION = YES;
				CLANG_WARN_OBJC_LITERAL_CONVERSION = YES;
				CLANG_WARN_OBJC_ROOT_CLASS = YES_ERROR;
				CLANG_WARN_RANGE_LOOP_ANALYSIS = YES;
				CLANG_WARN_STRICT_PROTOTYPES = YES;
				CLANG_WARN_SUSPICIOUS_MOVE = YES;
				CLANG_WARN_UNGUARDED_AVAILABILITY = YES_AGGRESSIVE;
				CLANG_WARN_UNREACHABLE_CODE = YES;
				CLANG_WARN__DUPLICATE_METHOD_MATCH = YES;
				CODE_SIGN_IDENTITY = "iPhone Developer";
				COPY_PHASE_STRIP = NO;
				DEBUG_INFORMATION_FORMAT = "dwarf-with-dsym";
				ENABLE_NS_ASSERTIONS = NO;
				ENABLE_STRICT_OBJC_MSGSEND = YES;
				GCC_C_LANGUAGE_STANDARD = gnu11;
				GCC_NO_COMMON_BLOCKS = YES;
				GCC_WARN_64_TO_32_BIT_CONVERSION = YES;
				GCC_WARN_ABOUT_RETURN_TYPE = YES_ERROR;
				GCC_WARN_UNDECLARED_SELECTOR = YES;
				GCC_WARN_UNINITIALIZED_AUTOS = YES_AGGRESSIVE;
				GCC_WARN_UNUSED_FUNCTION = YES;
				GCC_WARN_UNUSED_VARIABLE = YES;
				IPHONEOS_DEPLOYMENT_TARGET = 11.2;
				MTL_ENABLE_DEBUG_INFO = NO;
				SDKROOT = iphoneos;
				SWIFT_OPTIMIZATION_LEVEL = "-Owholemodule";
				VALIDATE_PRODUCT = YES;
			};
			name = Release;
		};
		50F97D3B1FF6638000B97A27 /* Debug */ = {
			isa = XCBuildConfiguration;
			buildSettings = {
				ASSETCATALOG_COMPILER_APPICON_NAME = AppIcon;
				CODE_SIGN_STYLE = Automatic;
				DEVELOPMENT_TEAM = 8MJK9DJ34A;
				INFOPLIST_FILE = MemeMe/Info.plist;
				LD_RUNPATH_SEARCH_PATHS = "$(inherited) @executable_path/Frameworks";
				PRODUCT_BUNDLE_IDENTIFIER = me.rajanikant.MemeMe;
				PRODUCT_NAME = "$(TARGET_NAME)";
				SWIFT_VERSION = 4.0;
				TARGETED_DEVICE_FAMILY = "1,2";
			};
			name = Debug;
		};
		50F97D3C1FF6638000B97A27 /* Release */ = {
			isa = XCBuildConfiguration;
			buildSettings = {
				ASSETCATALOG_COMPILER_APPICON_NAME = AppIcon;
				CODE_SIGN_STYLE = Automatic;
				DEVELOPMENT_TEAM = 8MJK9DJ34A;
				INFOPLIST_FILE = MemeMe/Info.plist;
				LD_RUNPATH_SEARCH_PATHS = "$(inherited) @executable_path/Frameworks";
				PRODUCT_BUNDLE_IDENTIFIER = me.rajanikant.MemeMe;
				PRODUCT_NAME = "$(TARGET_NAME)";
				SWIFT_VERSION = 4.0;
				TARGETED_DEVICE_FAMILY = "1,2";
			};
			name = Release;
		};
/* End XCBuildConfiguration section */

/* Begin XCConfigurationList section */
		50F97D231FF6638000B97A27 /* Build configuration list for PBXProject "MemeMe" */ = {
			isa = XCConfigurationList;
			buildConfigurations = (
				50F97D381FF6638000B97A27 /* Debug */,
				50F97D391FF6638000B97A27 /* Release */,
			);
			defaultConfigurationIsVisible = 0;
			defaultConfigurationName = Release;
		};
		50F97D3A1FF6638000B97A27 /* Build configuration list for PBXNativeTarget "MemeMe" */ = {
			isa = XCConfigurationList;
			buildConfigurations = (
				50F97D3B1FF6638000B97A27 /* Debug */,
				50F97D3C1FF6638000B97A27 /* Release */,
			);
			defaultConfigurationIsVisible = 0;
			defaultConfigurationName = Release;
		};
/* End XCConfigurationList section */
	};
	rootObject = 50F97D201FF6638000B97A27 /* Project object */;
}
