// !$*UTF8*$!
{
	archiveVersion = 1;
	classes = {
	};
	objectVersion = 48;
	objects = {

/* Begin PBXBuildFile section */
		502B7CB420724FA8000CF965 /* AppDelegate.swift in Sources */ = {isa = PBXBuildFile; fileRef = 502B7CB320724FA8000CF965 /* AppDelegate.swift */; };
		502B7CB620724FA8000CF965 /* HomeViewController.swift in Sources */ = {isa = PBXBuildFile; fileRef = 502B7CB520724FA8000CF965 /* HomeViewController.swift */; };
		502B7CB920724FA8000CF965 /* Main.storyboard in Resources */ = {isa = PBXBuildFile; fileRef = 502B7CB720724FA8000CF965 /* Main.storyboard */; };
		502B7CBC20724FA8000CF965 /* JSON_Feed_Reader.xcdatamodeld in Sources */ = {isa = PBXBuildFile; fileRef = 502B7CBA20724FA8000CF965 /* JSON_Feed_Reader.xcdatamodeld */; };
		502B7CBE20724FA8000CF965 /* Assets.xcassets in Resources */ = {isa = PBXBuildFile; fileRef = 502B7CBD20724FA8000CF965 /* Assets.xcassets */; };
		502B7CC120724FA8000CF965 /* LaunchScreen.storyboard in Resources */ = {isa = PBXBuildFile; fileRef = 502B7CBF20724FA8000CF965 /* LaunchScreen.storyboard */; };
		502B7CCC20724FE6000CF965 /* DataRepository.swift in Sources */ = {isa = PBXBuildFile; fileRef = 502B7CCB20724FE6000CF965 /* DataRepository.swift */; };
		502B7CCF2072502A000CF965 /* Constants.swift in Sources */ = {isa = PBXBuildFile; fileRef = 502B7CCE2072502A000CF965 /* Constants.swift */; };
		503861AA207254B200F94793 /* FeedsViewController.swift in Sources */ = {isa = PBXBuildFile; fileRef = 503861A9207254B200F94793 /* FeedsViewController.swift */; };
		503861AC2072585800F94793 /* FeedDetailsViewController.swift in Sources */ = {isa = PBXBuildFile; fileRef = 503861AB2072585800F94793 /* FeedDetailsViewController.swift */; };
		503861AE2072749100F94793 /* Extensions.swift in Sources */ = {isa = PBXBuildFile; fileRef = 503861AD2072749100F94793 /* Extensions.swift */; };
		503861B12072775300F94793 /* RemoteRepository.swift in Sources */ = {isa = PBXBuildFile; fileRef = 503861B02072775300F94793 /* RemoteRepository.swift */; };
		503861B32072776200F94793 /* LocalRepository.swift in Sources */ = {isa = PBXBuildFile; fileRef = 503861B22072776200F94793 /* LocalRepository.swift */; };
		503861B52072779900F94793 /* RepositoryProtocol.swift in Sources */ = {isa = PBXBuildFile; fileRef = 503861B42072779900F94793 /* RepositoryProtocol.swift */; };
/* End PBXBuildFile section */

/* Begin PBXFileReference section */
		502B7CB020724FA8000CF965 /* JSON Feed Reader.app */ = {isa = PBXFileReference; explicitFileType = wrapper.application; includeInIndex = 0; path = "JSON Feed Reader.app"; sourceTree = BUILT_PRODUCTS_DIR; };
		502B7CB320724FA8000CF965 /* AppDelegate.swift */ = {isa = PBXFileReference; lastKnownFileType = sourcecode.swift; path = AppDelegate.swift; sourceTree = "<group>"; };
		502B7CB520724FA8000CF965 /* HomeViewController.swift */ = {isa = PBXFileReference; lastKnownFileType = sourcecode.swift; path = HomeViewController.swift; sourceTree = "<group>"; };
		502B7CB820724FA8000CF965 /* Base */ = {isa = PBXFileReference; lastKnownFileType = file.storyboard; name = Base; path = Base.lproj/Main.storyboard; sourceTree = "<group>"; };
		502B7CBB20724FA8000CF965 /* JSON_Feed_Reader.xcdatamodel */ = {isa = PBXFileReference; lastKnownFileType = wrapper.xcdatamodel; path = JSON_Feed_Reader.xcdatamodel; sourceTree = "<group>"; };
		502B7CBD20724FA8000CF965 /* Assets.xcassets */ = {isa = PBXFileReference; lastKnownFileType = folder.assetcatalog; path = Assets.xcassets; sourceTree = "<group>"; };
		502B7CC020724FA8000CF965 /* Base */ = {isa = PBXFileReference; lastKnownFileType = file.storyboard; name = Base; path = Base.lproj/LaunchScreen.storyboard; sourceTree = "<group>"; };
		502B7CC220724FA8000CF965 /* Info.plist */ = {isa = PBXFileReference; lastKnownFileType = text.plist.xml; path = Info.plist; sourceTree = "<group>"; };
		502B7CCB20724FE6000CF965 /* DataRepository.swift */ = {isa = PBXFileReference; lastKnownFileType = sourcecode.swift; path = DataRepository.swift; sourceTree = "<group>"; };
		502B7CCE2072502A000CF965 /* Constants.swift */ = {isa = PBXFileReference; lastKnownFileType = sourcecode.swift; path = Constants.swift; sourceTree = "<group>"; };
		503861A9207254B200F94793 /* FeedsViewController.swift */ = {isa = PBXFileReference; lastKnownFileType = sourcecode.swift; path = FeedsViewController.swift; sourceTree = "<group>"; };
		503861AB2072585800F94793 /* FeedDetailsViewController.swift */ = {isa = PBXFileReference; lastKnownFileType = sourcecode.swift; path = FeedDetailsViewController.swift; sourceTree = "<group>"; };
		503861AD2072749100F94793 /* Extensions.swift */ = {isa = PBXFileReference; lastKnownFileType = sourcecode.swift; path = Extensions.swift; sourceTree = "<group>"; };
		503861B02072775300F94793 /* RemoteRepository.swift */ = {isa = PBXFileReference; lastKnownFileType = sourcecode.swift; path = RemoteRepository.swift; sourceTree = "<group>"; };
		503861B22072776200F94793 /* LocalRepository.swift */ = {isa = PBXFileReference; lastKnownFileType = sourcecode.swift; path = LocalRepository.swift; sourceTree = "<group>"; };
		503861B42072779900F94793 /* RepositoryProtocol.swift */ = {isa = PBXFileReference; lastKnownFileType = sourcecode.swift; path = RepositoryProtocol.swift; sourceTree = "<group>"; };
/* End PBXFileReference section */

/* Begin PBXFrameworksBuildPhase section */
		502B7CAD20724FA8000CF965 /* Frameworks */ = {
			isa = PBXFrameworksBuildPhase;
			buildActionMask = 2147483647;
			files = (
			);
			runOnlyForDeploymentPostprocessing = 0;
		};
/* End PBXFrameworksBuildPhase section */

/* Begin PBXGroup section */
		502B7CA720724FA8000CF965 = {
			isa = PBXGroup;
			children = (
				502B7CB220724FA8000CF965 /* JSON Feed Reader */,
				502B7CB120724FA8000CF965 /* Products */,
			);
			sourceTree = "<group>";
		};
		502B7CB120724FA8000CF965 /* Products */ = {
			isa = PBXGroup;
			children = (
				502B7CB020724FA8000CF965 /* JSON Feed Reader.app */,
			);
			name = Products;
			sourceTree = "<group>";
		};
		502B7CB220724FA8000CF965 /* JSON Feed Reader */ = {
			isa = PBXGroup;
			children = (
				502B7CC820724FB2000CF965 /* Data */,
				502B7CC920724FB9000CF965 /* UI */,
				502B7CCD20725018000CF965 /* Utils */,
				502B7CD02072504D000CF965 /* Assets */,
				502B7CD12072505D000CF965 /* Storyboard */,
				502B7CB320724FA8000CF965 /* AppDelegate.swift */,
				502B7CC220724FA8000CF965 /* Info.plist */,
			);
			path = "JSON Feed Reader";
			sourceTree = "<group>";
		};
		502B7CC820724FB2000CF965 /* Data */ = {
			isa = PBXGroup;
			children = (
				502B7CCA20724FD5000CF965 /* Local */,
				503861AF2072773400F94793 /* Remote */,
				502B7CCB20724FE6000CF965 /* DataRepository.swift */,
				503861B42072779900F94793 /* RepositoryProtocol.swift */,
			);
			path = Data;
			sourceTree = "<group>";
		};
		502B7CC920724FB9000CF965 /* UI */ = {
			isa = PBXGroup;
			children = (
				502B7CB520724FA8000CF965 /* HomeViewController.swift */,
				503861A9207254B200F94793 /* FeedsViewController.swift */,
				503861AB2072585800F94793 /* FeedDetailsViewController.swift */,
			);
			path = UI;
			sourceTree = "<group>";
		};
		502B7CCA20724FD5000CF965 /* Local */ = {
			isa = PBXGroup;
			children = (
				502B7CBA20724FA8000CF965 /* JSON_Feed_Reader.xcdatamodeld */,
				503861B22072776200F94793 /* LocalRepository.swift */,
			);
			path = Local;
			sourceTree = "<group>";
		};
		502B7CCD20725018000CF965 /* Utils */ = {
			isa = PBXGroup;
			children = (
				502B7CCE2072502A000CF965 /* Constants.swift */,
				503861AD2072749100F94793 /* Extensions.swift */,
			);
			path = Utils;
			sourceTree = "<group>";
		};
		502B7CD02072504D000CF965 /* Assets */ = {
			isa = PBXGroup;
			children = (
				502B7CBD20724FA8000CF965 /* Assets.xcassets */,
			);
			path = Assets;
			sourceTree = "<group>";
		};
		502B7CD12072505D000CF965 /* Storyboard */ = {
			isa = PBXGroup;
			children = (
				502B7CB720724FA8000CF965 /* Main.storyboard */,
				502B7CBF20724FA8000CF965 /* LaunchScreen.storyboard */,
			);
			name = Storyboard;
			sourceTree = "<group>";
		};
		503861AF2072773400F94793 /* Remote */ = {
			isa = PBXGroup;
			children = (
				503861B02072775300F94793 /* RemoteRepository.swift */,
			);
			path = Remote;
			sourceTree = "<group>";
		};
/* End PBXGroup section */

/* Begin PBXNativeTarget section */
		502B7CAF20724FA8000CF965 /* JSON Feed Reader */ = {
			isa = PBXNativeTarget;
			buildConfigurationList = 502B7CC520724FA8000CF965 /* Build configuration list for PBXNativeTarget "JSON Feed Reader" */;
			buildPhases = (
				502B7CAC20724FA8000CF965 /* Sources */,
				502B7CAD20724FA8000CF965 /* Frameworks */,
				502B7CAE20724FA8000CF965 /* Resources */,
			);
			buildRules = (
			);
			dependencies = (
			);
			name = "JSON Feed Reader";
			productName = "JSON Feed Reader";
			productReference = 502B7CB020724FA8000CF965 /* JSON Feed Reader.app */;
			productType = "com.apple.product-type.application";
		};
/* End PBXNativeTarget section */

/* Begin PBXProject section */
		502B7CA820724FA8000CF965 /* Project object */ = {
			isa = PBXProject;
			attributes = {
				LastSwiftUpdateCheck = 0920;
				LastUpgradeCheck = 0920;
				ORGANIZATIONNAME = "Rajanikant Deshmukh";
				TargetAttributes = {
					502B7CAF20724FA8000CF965 = {
						CreatedOnToolsVersion = 9.2;
						ProvisioningStyle = Automatic;
					};
				};
			};
			buildConfigurationList = 502B7CAB20724FA8000CF965 /* Build configuration list for PBXProject "JSON Feed Reader" */;
			compatibilityVersion = "Xcode 8.0";
			developmentRegion = en;
			hasScannedForEncodings = 0;
			knownRegions = (
				en,
				Base,
			);
			mainGroup = 502B7CA720724FA8000CF965;
			productRefGroup = 502B7CB120724FA8000CF965 /* Products */;
			projectDirPath = "";
			projectRoot = "";
			targets = (
				502B7CAF20724FA8000CF965 /* JSON Feed Reader */,
			);
		};
/* End PBXProject section */

/* Begin PBXResourcesBuildPhase section */
		502B7CAE20724FA8000CF965 /* Resources */ = {
			isa = PBXResourcesBuildPhase;
			buildActionMask = 2147483647;
			files = (
				502B7CC120724FA8000CF965 /* LaunchScreen.storyboard in Resources */,
				502B7CBE20724FA8000CF965 /* Assets.xcassets in Resources */,
				502B7CB920724FA8000CF965 /* Main.storyboard in Resources */,
			);
			runOnlyForDeploymentPostprocessing = 0;
		};
/* End PBXResourcesBuildPhase section */

/* Begin PBXSourcesBuildPhase section */
		502B7CAC20724FA8000CF965 /* Sources */ = {
			isa = PBXSourcesBuildPhase;
			buildActionMask = 2147483647;
			files = (
				503861AA207254B200F94793 /* FeedsViewController.swift in Sources */,
				502B7CCF2072502A000CF965 /* Constants.swift in Sources */,
				502B7CB620724FA8000CF965 /* HomeViewController.swift in Sources */,
				503861B32072776200F94793 /* LocalRepository.swift in Sources */,
				503861B52072779900F94793 /* RepositoryProtocol.swift in Sources */,
				503861AE2072749100F94793 /* Extensions.swift in Sources */,
				502B7CCC20724FE6000CF965 /* DataRepository.swift in Sources */,
				503861AC2072585800F94793 /* FeedDetailsViewController.swift in Sources */,
				502B7CB420724FA8000CF965 /* AppDelegate.swift in Sources */,
				503861B12072775300F94793 /* RemoteRepository.swift in Sources */,
				502B7CBC20724FA8000CF965 /* JSON_Feed_Reader.xcdatamodeld in Sources */,
			);
			runOnlyForDeploymentPostprocessing = 0;
		};
/* End PBXSourcesBuildPhase section */

/* Begin PBXVariantGroup section */
		502B7CB720724FA8000CF965 /* Main.storyboard */ = {
			isa = PBXVariantGroup;
			children = (
				502B7CB820724FA8000CF965 /* Base */,
			);
			name = Main.storyboard;
			sourceTree = "<group>";
		};
		502B7CBF20724FA8000CF965 /* LaunchScreen.storyboard */ = {
			isa = PBXVariantGroup;
			children = (
				502B7CC020724FA8000CF965 /* Base */,
			);
			name = LaunchScreen.storyboard;
			sourceTree = "<group>";
		};
/* End PBXVariantGroup section */

/* Begin XCBuildConfiguration section */
		502B7CC320724FA8000CF965 /* Debug */ = {
			isa = XCBuildConfiguration;
			buildSettings = {
				ALWAYS_SEARCH_USER_PATHS = NO;
				CLANG_ANALYZER_NONNULL = YES;
				CLANG_ANALYZER_NUMBER_OBJECT_CONVERSION = YES_AGGRESSIVE;
				CLANG_CXX_LANGUAGE_STANDARD = "gnu++14";
				CLANG_CXX_LIBRARY = "libc++";
				CLANG_ENABLE_MODULES = YES;
				CLANG_ENABLE_OBJC_ARC = YES;
				CLANG_WARN_BLOCK_CAPTURE_AUTORELEASING = YES;
				CLANG_WARN_BOOL_CONVERSION = YES;
				CLANG_WARN_COMMA = YES;
				CLANG_WARN_CONSTANT_CONVERSION = YES;
				CLANG_WARN_DIRECT_OBJC_ISA_USAGE = YES_ERROR;
				CLANG_WARN_DOCUMENTATION_COMMENTS = YES;
				CLANG_WARN_EMPTY_BODY = YES;
				CLANG_WARN_ENUM_CONVERSION = YES;
				CLANG_WARN_INFINITE_RECURSION = YES;
				CLANG_WARN_INT_CONVERSION = YES;
				CLANG_WARN_NON_LITERAL_NULL_CONVERSION = YES;
				CLANG_WARN_OBJC_LITERAL_CONVERSION = YES;
				CLANG_WARN_OBJC_ROOT_CLASS = YES_ERROR;
				CLANG_WARN_RANGE_LOOP_ANALYSIS = YES;
				CLANG_WARN_STRICT_PROTOTYPES = YES;
				CLANG_WARN_SUSPICIOUS_MOVE = YES;
				CLANG_WARN_UNGUARDED_AVAILABILITY = YES_AGGRESSIVE;
				CLANG_WARN_UNREACHABLE_CODE = YES;
				CLANG_WARN__DUPLICATE_METHOD_MATCH = YES;
				CODE_SIGN_IDENTITY = "iPhone Developer";
				COPY_PHASE_STRIP = NO;
				DEBUG_INFORMATION_FORMAT = dwarf;
				ENABLE_STRICT_OBJC_MSGSEND = YES;
				ENABLE_TESTABILITY = YES;
				GCC_C_LANGUAGE_STANDARD = gnu11;
				GCC_DYNAMIC_NO_PIC = NO;
				GCC_NO_COMMON_BLOCKS = YES;
				GCC_OPTIMIZATION_LEVEL = 0;
				GCC_PREPROCESSOR_DEFINITIONS = (
					"DEBUG=1",
					"$(inherited)",
				);
				GCC_WARN_64_TO_32_BIT_CONVERSION = YES;
				GCC_WARN_ABOUT_RETURN_TYPE = YES_ERROR;
				GCC_WARN_UNDECLARED_SELECTOR = YES;
				GCC_WARN_UNINITIALIZED_AUTOS = YES_AGGRESSIVE;
				GCC_WARN_UNUSED_FUNCTION = YES;
				GCC_WARN_UNUSED_VARIABLE = YES;
				IPHONEOS_DEPLOYMENT_TARGET = 11.2;
				MTL_ENABLE_DEBUG_INFO = YES;
				ONLY_ACTIVE_ARCH = YES;
				SDKROOT = iphoneos;
				SWIFT_ACTIVE_COMPILATION_CONDITIONS = DEBUG;
				SWIFT_OPTIMIZATION_LEVEL = "-Onone";
			};
			name = Debug;
		};
		502B7CC420724FA8000CF965 /* Release */ = {
			isa = XCBuildConfiguration;
			buildSettings = {
				ALWAYS_SEARCH_USER_PATHS = NO;
				CLANG_ANALYZER_NONNULL = YES;
				CLANG_ANALYZER_NUMBER_OBJECT_CONVERSION = YES_AGGRESSIVE;
				CLANG_CXX_LANGUAGE_STANDARD = "gnu++14";
				CLANG_CXX_LIBRARY = "libc++";
				CLANG_ENABLE_MODULES = YES;
				CLANG_ENABLE_OBJC_ARC = YES;
				CLANG_WARN_BLOCK_CAPTURE_AUTORELEASING = YES;
				CLANG_WARN_BOOL_CONVERSION = YES;
				CLANG_WARN_COMMA = YES;
				CLANG_WARN_CONSTANT_CONVERSION = YES;
				CLANG_WARN_DIRECT_OBJC_ISA_USAGE = YES_ERROR;
				CLANG_WARN_DOCUMENTATION_COMMENTS = YES;
				CLANG_WARN_EMPTY_BODY = YES;
				CLANG_WARN_ENUM_CONVERSION = YES;
				CLANG_WARN_INFINITE_RECURSION = YES;
				CLANG_WARN_INT_CONVERSION = YES;
				CLANG_WARN_NON_LITERAL_NULL_CONVERSION = YES;
				CLANG_WARN_OBJC_LITERAL_CONVERSION = YES;
				CLANG_WARN_OBJC_ROOT_CLASS = YES_ERROR;
				CLANG_WARN_RANGE_LOOP_ANALYSIS = YES;
				CLANG_WARN_STRICT_PROTOTYPES = YES;
				CLANG_WARN_SUSPICIOUS_MOVE = YES;
				CLANG_WARN_UNGUARDED_AVAILABILITY = YES_AGGRESSIVE;
				CLANG_WARN_UNREACHABLE_CODE = YES;
				CLANG_WARN__DUPLICATE_METHOD_MATCH = YES;
				CODE_SIGN_IDENTITY = "iPhone Developer";
				COPY_PHASE_STRIP = NO;
				DEBUG_INFORMATION_FORMAT = "dwarf-with-dsym";
				ENABLE_NS_ASSERTIONS = NO;
				ENABLE_STRICT_OBJC_MSGSEND = YES;
				GCC_C_LANGUAGE_STANDARD = gnu11;
				GCC_NO_COMMON_BLOCKS = YES;
				GCC_WARN_64_TO_32_BIT_CONVERSION = YES;
				GCC_WARN_ABOUT_RETURN_TYPE = YES_ERROR;
				GCC_WARN_UNDECLARED_SELECTOR = YES;
				GCC_WARN_UNINITIALIZED_AUTOS = YES_AGGRESSIVE;
				GCC_WARN_UNUSED_FUNCTION = YES;
				GCC_WARN_UNUSED_VARIABLE = YES;
				IPHONEOS_DEPLOYMENT_TARGET = 11.2;
				MTL_ENABLE_DEBUG_INFO = NO;
				SDKROOT = iphoneos;
				SWIFT_OPTIMIZATION_LEVEL = "-Owholemodule";
				VALIDATE_PRODUCT = YES;
			};
			name = Release;
		};
		502B7CC620724FA8000CF965 /* Debug */ = {
			isa = XCBuildConfiguration;
			buildSettings = {
				ASSETCATALOG_COMPILER_APPICON_NAME = AppIcon;
				CODE_SIGN_STYLE = Automatic;
				DEVELOPMENT_TEAM = 8MJK9DJ34A;
				INFOPLIST_FILE = "JSON Feed Reader/Info.plist";
				LD_RUNPATH_SEARCH_PATHS = "$(inherited) @executable_path/Frameworks";
				PRODUCT_BUNDLE_IDENTIFIER = "me.rajanikant.JSON-Feed-Reader";
				PRODUCT_NAME = "$(TARGET_NAME)";
				SWIFT_VERSION = 4.0;
				TARGETED_DEVICE_FAMILY = "1,2";
			};
			name = Debug;
		};
		502B7CC720724FA8000CF965 /* Release */ = {
			isa = XCBuildConfiguration;
			buildSettings = {
				ASSETCATALOG_COMPILER_APPICON_NAME = AppIcon;
				CODE_SIGN_STYLE = Automatic;
				DEVELOPMENT_TEAM = 8MJK9DJ34A;
				INFOPLIST_FILE = "JSON Feed Reader/Info.plist";
				LD_RUNPATH_SEARCH_PATHS = "$(inherited) @executable_path/Frameworks";
				PRODUCT_BUNDLE_IDENTIFIER = "me.rajanikant.JSON-Feed-Reader";
				PRODUCT_NAME = "$(TARGET_NAME)";
				SWIFT_VERSION = 4.0;
				TARGETED_DEVICE_FAMILY = "1,2";
			};
			name = Release;
		};
/* End XCBuildConfiguration section */

/* Begin XCConfigurationList section */
		502B7CAB20724FA8000CF965 /* Build configuration list for PBXProject "JSON Feed Reader" */ = {
			isa = XCConfigurationList;
			buildConfigurations = (
				502B7CC320724FA8000CF965 /* Debug */,
				502B7CC420724FA8000CF965 /* Release */,
			);
			defaultConfigurationIsVisible = 0;
			defaultConfigurationName = Release;
		};
		502B7CC520724FA8000CF965 /* Build configuration list for PBXNativeTarget "JSON Feed Reader" */ = {
			isa = XCConfigurationList;
			buildConfigurations = (
				502B7CC620724FA8000CF965 /* Debug */,
				502B7CC720724FA8000CF965 /* Release */,
			);
			defaultConfigurationIsVisible = 0;
			defaultConfigurationName = Release;
		};
/* End XCConfigurationList section */

/* Begin XCVersionGroup section */
		502B7CBA20724FA8000CF965 /* JSON_Feed_Reader.xcdatamodeld */ = {
			isa = XCVersionGroup;
			children = (
				502B7CBB20724FA8000CF965 /* JSON_Feed_Reader.xcdatamodel */,
			);
			currentVersion = 502B7CBB20724FA8000CF965 /* JSON_Feed_Reader.xcdatamodel */;
			path = JSON_Feed_Reader.xcdatamodeld;
			sourceTree = "<group>";
			versionGroupType = wrapper.xcdatamodel;
		};
/* End XCVersionGroup section */
	};
	rootObject = 502B7CA820724FA8000CF965 /* Project object */;
}
